
Microsoft Visual Studio Solution File, Format Version 12.00
# Visual Studio Version 17
VisualStudioVersion = 17.3.32825.248
MinimumVisualStudioVersion = 10.0.40219.1
Project("{FAE04EC0-301F-11D3-BF4B-00C04F79EFBC}") = "Currency", "Currency\Currency.csproj", "{99BE4183-C982-487F-B83A-E24653624FAE}"
EndProject
Global
	GlobalSection(SolutionConfigurationPlatforms) = preSolution
		Debug|Any CPU = Debug|Any CPU
		Release|Any CPU = Release|Any CPU
	EndGlobalSection
	GlobalSection(ProjectConfigurationPlatforms) = postSolution
		{99BE4183-C982-487F-B83A-E24653624FAE}.Debug|Any CPU.ActiveCfg = Debug|Any CPU
		{99BE4183-C982-487F-B83A-E24653624FAE}.Debug|Any CPU.Build.0 = Debug|Any CPU
		{99BE4183-C982-487F-B83A-E24653624FAE}.Release|Any CPU.ActiveCfg = Release|Any CPU
		{99BE4183-C982-487F-B83A-E24653624FAE}.Release|Any CPU.Build.0 = Release|Any CPU
	EndGlobalSection
	GlobalSection(SolutionProperties) = preSolution
		HideSolutionNode = FALSE
	EndGlobalSection
	GlobalSection(ExtensibilityGlobals) = postSolution
		SolutionGuid = {E797C17E-A159-4DF2-A9CA-FDCCBC4BAF5F}
	EndGlobalSection
EndGlobal
